// !$*UTF8*$!
{
	archiveVersion = 1;
	classes = {
	};
	objectVersion = 50;
	objects = {

/* Begin PBXBuildFile section */
		674EF40425D6E86D0054826A /* AppDelegate.swift in Sources */ = {isa = PBXBuildFile; fileRef = 674EF40325D6E86D0054826A /* AppDelegate.swift */; };
		674EF40625D6E86D0054826A /* SceneDelegate.swift in Sources */ = {isa = PBXBuildFile; fileRef = 674EF40525D6E86D0054826A /* SceneDelegate.swift */; };
		674EF40825D6E86D0054826A /* ViewController.swift in Sources */ = {isa = PBXBuildFile; fileRef = 674EF40725D6E86D0054826A /* ViewController.swift */; };
		674EF40B25D6E86D0054826A /* Main.storyboard in Resources */ = {isa = PBXBuildFile; fileRef = 674EF40925D6E86D0054826A /* Main.storyboard */; };
		674EF40D25D6E86E0054826A /* Assets.xcassets in Resources */ = {isa = PBXBuildFile; fileRef = 674EF40C25D6E86E0054826A /* Assets.xcassets */; };
		674EF41025D6E86E0054826A /* LaunchScreen.storyboard in Resources */ = {isa = PBXBuildFile; fileRef = 674EF40E25D6E86E0054826A /* LaunchScreen.storyboard */; };
		674EF41B25D6E86F0054826A /* MapViewTests.swift in Sources */ = {isa = PBXBuildFile; fileRef = 674EF41A25D6E86F0054826A /* MapViewTests.swift */; };
		674EF42625D6E86F0054826A /* MapViewUITests.swift in Sources */ = {isa = PBXBuildFile; fileRef = 674EF42525D6E86F0054826A /* MapViewUITests.swift */; };
/* End PBXBuildFile section */

/* Begin PBXContainerItemProxy section */
		674EF41725D6E86F0054826A /* PBXContainerItemProxy */ = {
			isa = PBXContainerItemProxy;
			containerPortal = 674EF3F825D6E86D0054826A /* Project object */;
			proxyType = 1;
			remoteGlobalIDString = 674EF3FF25D6E86D0054826A;
			remoteInfo = MapView;
		};
		674EF42225D6E86F0054826A /* PBXContainerItemProxy */ = {
			isa = PBXContainerItemProxy;
			containerPortal = 674EF3F825D6E86D0054826A /* Project object */;
			proxyType = 1;
			remoteGlobalIDString = 674EF3FF25D6E86D0054826A;
			remoteInfo = MapView;
		};
/* End PBXContainerItemProxy section */

/* Begin PBXFileReference section */
		674EF40025D6E86D0054826A /* MapView.app */ = {isa = PBXFileReference; explicitFileType = wrapper.application; includeInIndex = 0; path = MapView.app; sourceTree = BUILT_PRODUCTS_DIR; };
		674EF40325D6E86D0054826A /* AppDelegate.swift */ = {isa = PBXFileReference; lastKnownFileType = sourcecode.swift; path = AppDelegate.swift; sourceTree = "<group>"; };
		674EF40525D6E86D0054826A /* SceneDelegate.swift */ = {isa = PBXFileReference; lastKnownFileType = sourcecode.swift; path = SceneDelegate.swift; sourceTree = "<group>"; };
		674EF40725D6E86D0054826A /* ViewController.swift */ = {isa = PBXFileReference; lastKnownFileType = sourcecode.swift; path = ViewController.swift; sourceTree = "<group>"; };
		674EF40A25D6E86D0054826A /* Base */ = {isa = PBXFileReference; lastKnownFileType = file.storyboard; name = Base; path = Base.lproj/Main.storyboard; sourceTree = "<group>"; };
		674EF40C25D6E86E0054826A /* Assets.xcassets */ = {isa = PBXFileReference; lastKnownFileType = folder.assetcatalog; path = Assets.xcassets; sourceTree = "<group>"; };
		674EF40F25D6E86E0054826A /* Base */ = {isa = PBXFileReference; lastKnownFileType = file.storyboard; name = Base; path = Base.lproj/LaunchScreen.storyboard; sourceTree = "<group>"; };
		674EF41125D6E86E0054826A /* Info.plist */ = {isa = PBXFileReference; lastKnownFileType = text.plist.xml; path = Info.plist; sourceTree = "<group>"; };
		674EF41625D6E86F0054826A /* MapViewTests.xctest */ = {isa = PBXFileReference; explicitFileType = wrapper.cfbundle; includeInIndex = 0; path = MapViewTests.xctest; sourceTree = BUILT_PRODUCTS_DIR; };
		674EF41A25D6E86F0054826A /* MapViewTests.swift */ = {isa = PBXFileReference; lastKnownFileType = sourcecode.swift; path = MapViewTests.swift; sourceTree = "<group>"; };
		674EF41C25D6E86F0054826A /* Info.plist */ = {isa = PBXFileReference; lastKnownFileType = text.plist.xml; path = Info.plist; sourceTree = "<group>"; };
		674EF42125D6E86F0054826A /* MapViewUITests.xctest */ = {isa = PBXFileReference; explicitFileType = wrapper.cfbundle; includeInIndex = 0; path = MapViewUITests.xctest; sourceTree = BUILT_PRODUCTS_DIR; };
		674EF42525D6E86F0054826A /* MapViewUITests.swift */ = {isa = PBXFileReference; lastKnownFileType = sourcecode.swift; path = MapViewUITests.swift; sourceTree = "<group>"; };
		674EF42725D6E86F0054826A /* Info.plist */ = {isa = PBXFileReference; lastKnownFileType = text.plist.xml; path = Info.plist; sourceTree = "<group>"; };
/* End PBXFileReference section */

/* Begin PBXFrameworksBuildPhase section */
		674EF3FD25D6E86D0054826A /* Frameworks */ = {
			isa = PBXFrameworksBuildPhase;
			buildActionMask = 2147483647;
			files = (
			);
			runOnlyForDeploymentPostprocessing = 0;
		};
		674EF41325D6E86F0054826A /* Frameworks */ = {
			isa = PBXFrameworksBuildPhase;
			buildActionMask = 2147483647;
			files = (
			);
			runOnlyForDeploymentPostprocessing = 0;
		};
		674EF41E25D6E86F0054826A /* Frameworks */ = {
			isa = PBXFrameworksBuildPhase;
			buildActionMask = 2147483647;
			files = (
			);
			runOnlyForDeploymentPostprocessing = 0;
		};
/* End PBXFrameworksBuildPhase section */

/* Begin PBXGroup section */
		674EF3F725D6E86D0054826A = {
			isa = PBXGroup;
			children = (
				674EF40225D6E86D0054826A /* MapView */,
				674EF41925D6E86F0054826A /* MapViewTests */,
				674EF42425D6E86F0054826A /* MapViewUITests */,
				674EF40125D6E86D0054826A /* Products */,
			);
			sourceTree = "<group>";
		};
		674EF40125D6E86D0054826A /* Products */ = {
			isa = PBXGroup;
			children = (
				674EF40025D6E86D0054826A /* MapView.app */,
				674EF41625D6E86F0054826A /* MapViewTests.xctest */,
				674EF42125D6E86F0054826A /* MapViewUITests.xctest */,
			);
			name = Products;
			sourceTree = "<group>";
		};
		674EF40225D6E86D0054826A /* MapView */ = {
			isa = PBXGroup;
			children = (
				674EF40325D6E86D0054826A /* AppDelegate.swift */,
				674EF40525D6E86D0054826A /* SceneDelegate.swift */,
				674EF40725D6E86D0054826A /* ViewController.swift */,
				674EF40925D6E86D0054826A /* Main.storyboard */,
				674EF40C25D6E86E0054826A /* Assets.xcassets */,
				674EF40E25D6E86E0054826A /* LaunchScreen.storyboard */,
				674EF41125D6E86E0054826A /* Info.plist */,
			);
			path = MapView;
			sourceTree = "<group>";
		};
		674EF41925D6E86F0054826A /* MapViewTests */ = {
			isa = PBXGroup;
			children = (
				674EF41A25D6E86F0054826A /* MapViewTests.swift */,
				674EF41C25D6E86F0054826A /* Info.plist */,
			);
			path = MapViewTests;
			sourceTree = "<group>";
		};
		674EF42425D6E86F0054826A /* MapViewUITests */ = {
			isa = PBXGroup;
			children = (
				674EF42525D6E86F0054826A /* MapViewUITests.swift */,
				674EF42725D6E86F0054826A /* Info.plist */,
			);
			path = MapViewUITests;
			sourceTree = "<group>";
		};
/* End PBXGroup section */

/* Begin PBXNativeTarget section */
		674EF3FF25D6E86D0054826A /* MapView */ = {
			isa = PBXNativeTarget;
			buildConfigurationList = 674EF42A25D6E86F0054826A /* Build configuration list for PBXNativeTarget "MapView" */;
			buildPhases = (
				674EF3FC25D6E86D0054826A /* Sources */,
				674EF3FD25D6E86D0054826A /* Frameworks */,
				674EF3FE25D6E86D0054826A /* Resources */,
			);
			buildRules = (
			);
			dependencies = (
			);
			name = MapView;
			productName = MapView;
			productReference = 674EF40025D6E86D0054826A /* MapView.app */;
			productType = "com.apple.product-type.application";
		};
		674EF41525D6E86F0054826A /* MapViewTests */ = {
			isa = PBXNativeTarget;
			buildConfigurationList = 674EF42D25D6E86F0054826A /* Build configuration list for PBXNativeTarget "MapViewTests" */;
			buildPhases = (
				674EF41225D6E86F0054826A /* Sources */,
				674EF41325D6E86F0054826A /* Frameworks */,
				674EF41425D6E86F0054826A /* Resources */,
			);
			buildRules = (
			);
			dependencies = (
				674EF41825D6E86F0054826A /* PBXTargetDependency */,
			);
			name = MapViewTests;
			productName = MapViewTests;
			productReference = 674EF41625D6E86F0054826A /* MapViewTests.xctest */;
			productType = "com.apple.product-type.bundle.unit-test";
		};
		674EF42025D6E86F0054826A /* MapViewUITests */ = {
			isa = PBXNativeTarget;
			buildConfigurationList = 674EF43025D6E86F0054826A /* Build configuration list for PBXNativeTarget "MapViewUITests" */;
			buildPhases = (
				674EF41D25D6E86F0054826A /* Sources */,
				674EF41E25D6E86F0054826A /* Frameworks */,
				674EF41F25D6E86F0054826A /* Resources */,
			);
			buildRules = (
			);
			dependencies = (
				674EF42325D6E86F0054826A /* PBXTargetDependency */,
			);
			name = MapViewUITests;
			productName = MapViewUITests;
			productReference = 674EF42125D6E86F0054826A /* MapViewUITests.xctest */;
			productType = "com.apple.product-type.bundle.ui-testing";
		};
/* End PBXNativeTarget section */

/* Begin PBXProject section */
		674EF3F825D6E86D0054826A /* Project object */ = {
			isa = PBXProject;
			attributes = {
				LastSwiftUpdateCheck = 1240;
				LastUpgradeCheck = 1240;
				TargetAttributes = {
					674EF3FF25D6E86D0054826A = {
						CreatedOnToolsVersion = 12.4;
					};
					674EF41525D6E86F0054826A = {
						CreatedOnToolsVersion = 12.4;
						TestTargetID = 674EF3FF25D6E86D0054826A;
					};
					674EF42025D6E86F0054826A = {
						CreatedOnToolsVersion = 12.4;
						TestTargetID = 674EF3FF25D6E86D0054826A;
					};
				};
			};
			buildConfigurationList = 674EF3FB25D6E86D0054826A /* Build configuration list for PBXProject "MapView" */;
			compatibilityVersion = "Xcode 9.3";
			developmentRegion = en;
			hasScannedForEncodings = 0;
			knownRegions = (
				en,
				Base,
			);
			mainGroup = 674EF3F725D6E86D0054826A;
			productRefGroup = 674EF40125D6E86D0054826A /* Products */;
			projectDirPath = "";
			projectRoot = "";
			targets = (
				674EF3FF25D6E86D0054826A /* MapView */,
				674EF41525D6E86F0054826A /* MapViewTests */,
				674EF42025D6E86F0054826A /* MapViewUITests */,
			);
		};
/* End PBXProject section */

/* Begin PBXResourcesBuildPhase section */
		674EF3FE25D6E86D0054826A /* Resources */ = {
			isa = PBXResourcesBuildPhase;
			buildActionMask = 2147483647;
			files = (
				674EF41025D6E86E0054826A /* LaunchScreen.storyboard in Resources */,
				674EF40D25D6E86E0054826A /* Assets.xcassets in Resources */,
				674EF40B25D6E86D0054826A /* Main.storyboard in Resources */,
			);
			runOnlyForDeploymentPostprocessing = 0;
		};
		674EF41425D6E86F0054826A /* Resources */ = {
			isa = PBXResourcesBuildPhase;
			buildActionMask = 2147483647;
			files = (
			);
			runOnlyForDeploymentPostprocessing = 0;
		};
		674EF41F25D6E86F0054826A /* Resources */ = {
			isa = PBXResourcesBuildPhase;
			buildActionMask = 2147483647;
			files = (
			);
			runOnlyForDeploymentPostprocessing = 0;
		};
/* End PBXResourcesBuildPhase section */

/* Begin PBXSourcesBuildPhase section */
		674EF3FC25D6E86D0054826A /* Sources */ = {
			isa = PBXSourcesBuildPhase;
			buildActionMask = 2147483647;
			files = (
				674EF40825D6E86D0054826A /* ViewController.swift in Sources */,
				674EF40425D6E86D0054826A /* AppDelegate.swift in Sources */,
				674EF40625D6E86D0054826A /* SceneDelegate.swift in Sources */,
			);
			runOnlyForDeploymentPostprocessing = 0;
		};
		674EF41225D6E86F0054826A /* Sources */ = {
			isa = PBXSourcesBuildPhase;
			buildActionMask = 2147483647;
			files = (
				674EF41B25D6E86F0054826A /* MapViewTests.swift in Sources */,
			);
			runOnlyForDeploymentPostprocessing = 0;
		};
		674EF41D25D6E86F0054826A /* Sources */ = {
			isa = PBXSourcesBuildPhase;
			buildActionMask = 2147483647;
			files = (
				674EF42625D6E86F0054826A /* MapViewUITests.swift in Sources */,
			);
			runOnlyForDeploymentPostprocessing = 0;
		};
/* End PBXSourcesBuildPhase section */

/* Begin PBXTargetDependency section */
		674EF41825D6E86F0054826A /* PBXTargetDependency */ = {
			isa = PBXTargetDependency;
			target = 674EF3FF25D6E86D0054826A /* MapView */;
			targetProxy = 674EF41725D6E86F0054826A /* PBXContainerItemProxy */;
		};
		674EF42325D6E86F0054826A /* PBXTargetDependency */ = {
			isa = PBXTargetDependency;
			target = 674EF3FF25D6E86D0054826A /* MapView */;
			targetProxy = 674EF42225D6E86F0054826A /* PBXContainerItemProxy */;
		};
/* End PBXTargetDependency section */

/* Begin PBXVariantGroup section */
		674EF40925D6E86D0054826A /* Main.storyboard */ = {
			isa = PBXVariantGroup;
			children = (
				674EF40A25D6E86D0054826A /* Base */,
			);
			name = Main.storyboard;
			sourceTree = "<group>";
		};
		674EF40E25D6E86E0054826A /* LaunchScreen.storyboard */ = {
			isa = PBXVariantGroup;
			children = (
				674EF40F25D6E86E0054826A /* Base */,
			);
			name = LaunchScreen.storyboard;
			sourceTree = "<group>";
		};
/* End PBXVariantGroup section */

/* Begin XCBuildConfiguration section */
		674EF42825D6E86F0054826A /* Debug */ = {
			isa = XCBuildConfiguration;
			buildSettings = {
				ALWAYS_SEARCH_USER_PATHS = NO;
				CLANG_ANALYZER_NONNULL = YES;
				CLANG_ANALYZER_NUMBER_OBJECT_CONVERSION = YES_AGGRESSIVE;
				CLANG_CXX_LANGUAGE_STANDARD = "gnu++14";
				CLANG_CXX_LIBRARY = "libc++";
				CLANG_ENABLE_MODULES = YES;
				CLANG_ENABLE_OBJC_ARC = YES;
				CLANG_ENABLE_OBJC_WEAK = YES;
				CLANG_WARN_BLOCK_CAPTURE_AUTORELEASING = YES;
				CLANG_WARN_BOOL_CONVERSION = YES;
				CLANG_WARN_COMMA = YES;
				CLANG_WARN_CONSTANT_CONVERSION = YES;
				CLANG_WARN_DEPRECATED_OBJC_IMPLEMENTATIONS = YES;
				CLANG_WARN_DIRECT_OBJC_ISA_USAGE = YES_ERROR;
				CLANG_WARN_DOCUMENTATION_COMMENTS = YES;
				CLANG_WARN_EMPTY_BODY = YES;
				CLANG_WARN_ENUM_CONVERSION = YES;
				CLANG_WARN_INFINITE_RECURSION = YES;
				CLANG_WARN_INT_CONVERSION = YES;
				CLANG_WARN_NON_LITERAL_NULL_CONVERSION = YES;
				CLANG_WARN_OBJC_IMPLICIT_RETAIN_SELF = YES;
				CLANG_WARN_OBJC_LITERAL_CONVERSION = YES;
				CLANG_WARN_OBJC_ROOT_CLASS = YES_ERROR;
				CLANG_WARN_QUOTED_INCLUDE_IN_FRAMEWORK_HEADER = YES;
				CLANG_WARN_RANGE_LOOP_ANALYSIS = YES;
				CLANG_WARN_STRICT_PROTOTYPES = YES;
				CLANG_WARN_SUSPICIOUS_MOVE = YES;
				CLANG_WARN_UNGUARDED_AVAILABILITY = YES_AGGRESSIVE;
				CLANG_WARN_UNREACHABLE_CODE = YES;
				CLANG_WARN__DUPLICATE_METHOD_MATCH = YES;
				COPY_PHASE_STRIP = NO;
				DEBUG_INFORMATION_FORMAT = dwarf;
				ENABLE_STRICT_OBJC_MSGSEND = YES;
				ENABLE_TESTABILITY = YES;
				GCC_C_LANGUAGE_STANDARD = gnu11;
				GCC_DYNAMIC_NO_PIC = NO;
				GCC_NO_COMMON_BLOCKS = YES;
				GCC_OPTIMIZATION_LEVEL = 0;
				GCC_PREPROCESSOR_DEFINITIONS = (
					"DEBUG=1",
					"$(inherited)",
				);
				GCC_WARN_64_TO_32_BIT_CONVERSION = YES;
				GCC_WARN_ABOUT_RETURN_TYPE = YES_ERROR;
				GCC_WARN_UNDECLARED_SELECTOR = YES;
				GCC_WARN_UNINITIALIZED_AUTOS = YES_AGGRESSIVE;
				GCC_WARN_UNUSED_FUNCTION = YES;
				GCC_WARN_UNUSED_VARIABLE = YES;
				IPHONEOS_DEPLOYMENT_TARGET = 14.4;
				MTL_ENABLE_DEBUG_INFO = INCLUDE_SOURCE;
				MTL_FAST_MATH = YES;
				ONLY_ACTIVE_ARCH = YES;
				SDKROOT = iphoneos;
				SWIFT_ACTIVE_COMPILATION_CONDITIONS = DEBUG;
				SWIFT_OPTIMIZATION_LEVEL = "-Onone";
			};
			name = Debug;
		};
		674EF42925D6E86F0054826A /* Release */ = {
			isa = XCBuildConfiguration;
			buildSettings = {
				ALWAYS_SEARCH_USER_PATHS = NO;
				CLANG_ANALYZER_NONNULL = YES;
				CLANG_ANALYZER_NUMBER_OBJECT_CONVERSION = YES_AGGRESSIVE;
				CLANG_CXX_LANGUAGE_STANDARD = "gnu++14";
				CLANG_CXX_LIBRARY = "libc++";
				CLANG_ENABLE_MODULES = YES;
				CLANG_ENABLE_OBJC_ARC = YES;
				CLANG_ENABLE_OBJC_WEAK = YES;
				CLANG_WARN_BLOCK_CAPTURE_AUTORELEASING = YES;
				CLANG_WARN_BOOL_CONVERSION = YES;
				CLANG_WARN_COMMA = YES;
				CLANG_WARN_CONSTANT_CONVERSION = YES;
				CLANG_WARN_DEPRECATED_OBJC_IMPLEMENTATIONS = YES;
				CLANG_WARN_DIRECT_OBJC_ISA_USAGE = YES_ERROR;
				CLANG_WARN_DOCUMENTATION_COMMENTS = YES;
				CLANG_WARN_EMPTY_BODY = YES;
				CLANG_WARN_ENUM_CONVERSION = YES;
				CLANG_WARN_INFINITE_RECURSION = YES;
				CLANG_WARN_INT_CONVERSION = YES;
				CLANG_WARN_NON_LITERAL_NULL_CONVERSION = YES;
				CLANG_WARN_OBJC_IMPLICIT_RETAIN_SELF = YES;
				CLANG_WARN_OBJC_LITERAL_CONVERSION = YES;
				CLANG_WARN_OBJC_ROOT_CLASS = YES_ERROR;
				CLANG_WARN_QUOTED_INCLUDE_IN_FRAMEWORK_HEADER = YES;
				CLANG_WARN_RANGE_LOOP_ANALYSIS = YES;
				CLANG_WARN_STRICT_PROTOTYPES = YES;
				CLANG_WARN_SUSPICIOUS_MOVE = YES;
				CLANG_WARN_UNGUARDED_AVAILABILITY = YES_AGGRESSIVE;
				CLANG_WARN_UNREACHABLE_CODE = YES;
				CLANG_WARN__DUPLICATE_METHOD_MATCH = YES;
				COPY_PHASE_STRIP = NO;
				DEBUG_INFORMATION_FORMAT = "dwarf-with-dsym";
				ENABLE_NS_ASSERTIONS = NO;
				ENABLE_STRICT_OBJC_MSGSEND = YES;
				GCC_C_LANGUAGE_STANDARD = gnu11;
				GCC_NO_COMMON_BLOCKS = YES;
				GCC_WARN_64_TO_32_BIT_CONVERSION = YES;
				GCC_WARN_ABOUT_RETURN_TYPE = YES_ERROR;
				GCC_WARN_UNDECLARED_SELECTOR = YES;
				GCC_WARN_UNINITIALIZED_AUTOS = YES_AGGRESSIVE;
				GCC_WARN_UNUSED_FUNCTION = YES;
				GCC_WARN_UNUSED_VARIABLE = YES;
				IPHONEOS_DEPLOYMENT_TARGET = 14.4;
				MTL_ENABLE_DEBUG_INFO = NO;
				MTL_FAST_MATH = YES;
				SDKROOT = iphoneos;
				SWIFT_COMPILATION_MODE = wholemodule;
				SWIFT_OPTIMIZATION_LEVEL = "-O";
				VALIDATE_PRODUCT = YES;
			};
			name = Release;
		};
		674EF42B25D6E86F0054826A /* Debug */ = {
			isa = XCBuildConfiguration;
			buildSettings = {
				ASSETCATALOG_COMPILER_APPICON_NAME = AppIcon;
				ASSETCATALOG_COMPILER_GLOBAL_ACCENT_COLOR_NAME = AccentColor;
				CODE_SIGN_STYLE = Automatic;
				DEVELOPMENT_TEAM = H6HD3SW977;
				INFOPLIST_FILE = MapView/Info.plist;
				LD_RUNPATH_SEARCH_PATHS = (
					"$(inherited)",
					"@executable_path/Frameworks",
				);
				PRODUCT_BUNDLE_IDENTIFIER = con.jose.MapView;
				PRODUCT_NAME = "$(TARGET_NAME)";
				SWIFT_VERSION = 5.0;
				TARGETED_DEVICE_FAMILY = "1,2";
			};
			name = Debug;
		};
		674EF42C25D6E86F0054826A /* Release */ = {
			isa = XCBuildConfiguration;
			buildSettings = {
				ASSETCATALOG_COMPILER_APPICON_NAME = AppIcon;
				ASSETCATALOG_COMPILER_GLOBAL_ACCENT_COLOR_NAME = AccentColor;
				CODE_SIGN_STYLE = Automatic;
				DEVELOPMENT_TEAM = H6HD3SW977;
				INFOPLIST_FILE = MapView/Info.plist;
				LD_RUNPATH_SEARCH_PATHS = (
					"$(inherited)",
					"@executable_path/Frameworks",
				);
				PRODUCT_BUNDLE_IDENTIFIER = con.jose.MapView;
				PRODUCT_NAME = "$(TARGET_NAME)";
				SWIFT_VERSION = 5.0;
				TARGETED_DEVICE_FAMILY = "1,2";
			};
			name = Release;
		};
		674EF42E25D6E86F0054826A /* Debug */ = {
			isa = XCBuildConfiguration;
			buildSettings = {
				ALWAYS_EMBED_SWIFT_STANDARD_LIBRARIES = YES;
				BUNDLE_LOADER = "$(TEST_HOST)";
				CODE_SIGN_STYLE = Automatic;
				DEVELOPMENT_TEAM = H6HD3SW977;
				INFOPLIST_FILE = MapViewTests/Info.plist;
				IPHONEOS_DEPLOYMENT_TARGET = 14.4;
				LD_RUNPATH_SEARCH_PATHS = (
					"$(inherited)",
					"@executable_path/Frameworks",
					"@loader_path/Frameworks",
				);
				PRODUCT_BUNDLE_IDENTIFIER = con.jose.MapViewTests;
				PRODUCT_NAME = "$(TARGET_NAME)";
				SWIFT_VERSION = 5.0;
				TARGETED_DEVICE_FAMILY = "1,2";
				TEST_HOST = "$(BUILT_PRODUCTS_DIR)/MapView.app/MapView";
			};
			name = Debug;
		};
		674EF42F25D6E86F0054826A /* Release */ = {
			isa = XCBuildConfiguration;
			buildSettings = {
				ALWAYS_EMBED_SWIFT_STANDARD_LIBRARIES = YES;
				BUNDLE_LOADER = "$(TEST_HOST)";
				CODE_SIGN_STYLE = Automatic;
				DEVELOPMENT_TEAM = H6HD3SW977;
				INFOPLIST_FILE = MapViewTests/Info.plist;
				IPHONEOS_DEPLOYMENT_TARGET = 14.4;
				LD_RUNPATH_SEARCH_PATHS = (
					"$(inherited)",
					"@executable_path/Frameworks",
					"@loader_path/Frameworks",
				);
				PRODUCT_BUNDLE_IDENTIFIER = con.jose.MapViewTests;
				PRODUCT_NAME = "$(TARGET_NAME)";
				SWIFT_VERSION = 5.0;
				TARGETED_DEVICE_FAMILY = "1,2";
				TEST_HOST = "$(BUILT_PRODUCTS_DIR)/MapView.app/MapView";
			};
			name = Release;
		};
		674EF43125D6E86F0054826A /* Debug */ = {
			isa = XCBuildConfiguration;
			buildSettings = {
				ALWAYS_EMBED_SWIFT_STANDARD_LIBRARIES = YES;
				CODE_SIGN_STYLE = Automatic;
				DEVELOPMENT_TEAM = H6HD3SW977;
				INFOPLIST_FILE = MapViewUITests/Info.plist;
				LD_RUNPATH_SEARCH_PATHS = (
					"$(inherited)",
					"@executable_path/Frameworks",
					"@loader_path/Frameworks",
				);
				PRODUCT_BUNDLE_IDENTIFIER = con.jose.MapViewUITests;
				PRODUCT_NAME = "$(TARGET_NAME)";
				SWIFT_VERSION = 5.0;
				TARGETED_DEVICE_FAMILY = "1,2";
				TEST_TARGET_NAME = MapView;
			};
			name = Debug;
		};
		674EF43225D6E86F0054826A /* Release */ = {
			isa = XCBuildConfiguration;
			buildSettings = {
				ALWAYS_EMBED_SWIFT_STANDARD_LIBRARIES = YES;
				CODE_SIGN_STYLE = Automatic;
				DEVELOPMENT_TEAM = H6HD3SW977;
				INFOPLIST_FILE = MapViewUITests/Info.plist;
				LD_RUNPATH_SEARCH_PATHS = (
					"$(inherited)",
					"@executable_path/Frameworks",
					"@loader_path/Frameworks",
				);
				PRODUCT_BUNDLE_IDENTIFIER = con.jose.MapViewUITests;
				PRODUCT_NAME = "$(TARGET_NAME)";
				SWIFT_VERSION = 5.0;
				TARGETED_DEVICE_FAMILY = "1,2";
				TEST_TARGET_NAME = MapView;
			};
			name = Release;
		};
/* End XCBuildConfiguration section */

/* Begin XCConfigurationList section */
		674EF3FB25D6E86D0054826A /* Build configuration list for PBXProject "MapView" */ = {
			isa = XCConfigurationList;
			buildConfigurations = (
				674EF42825D6E86F0054826A /* Debug */,
				674EF42925D6E86F0054826A /* Release */,
			);
			defaultConfigurationIsVisible = 0;
			defaultConfigurationName = Release;
		};
		674EF42A25D6E86F0054826A /* Build configuration list for PBXNativeTarget "MapView" */ = {
			isa = XCConfigurationList;
			buildConfigurations = (
				674EF42B25D6E86F0054826A /* Debug */,
				674EF42C25D6E86F0054826A /* Release */,
			);
			defaultConfigurationIsVisible = 0;
			defaultConfigurationName = Release;
		};
		674EF42D25D6E86F0054826A /* Build configuration list for PBXNativeTarget "MapViewTests" */ = {
			isa = XCConfigurationList;
			buildConfigurations = (
				674EF42E25D6E86F0054826A /* Debug */,
				674EF42F25D6E86F0054826A /* Release */,
			);
			defaultConfigurationIsVisible = 0;
			defaultConfigurationName = Release;
		};
		674EF43025D6E86F0054826A /* Build configuration list for PBXNativeTarget "MapViewUITests" */ = {
			isa = XCConfigurationList;
			buildConfigurations = (
				674EF43125D6E86F0054826A /* Debug */,
				674EF43225D6E86F0054826A /* Release */,
			);
			defaultConfigurationIsVisible = 0;
			defaultConfigurationName = Release;
		};
/* End XCConfigurationList section */
	};
	rootObject = 674EF3F825D6E86D0054826A /* Project object */;
}
